
Microsoft Visual Studio Solution File, Format Version 11.00
# Visual Studio 2010
Project("{FAE04EC0-301F-11D3-BF4B-00C04F79EFBC}") = "ResizeImages2", "ResizeImages2\ResizeImages2.csproj", "{BA18A1BA-FFC4-49FC-AFE8-D21149468324}"
EndProject
Project("{FAE04EC0-301F-11D3-BF4B-00C04F79EFBC}") = "ResizeImagesRegKeys", "ResizeImagesRegKeys\ResizeImagesRegKeys\ResizeImagesRegKeys.csproj", "{8E3081EE-72D8-4679-9366-B292E653CDCB}"
EndProject
Project("{FAE04EC0-301F-11D3-BF4B-00C04F79EFBC}") = "ResizeImagesSettings", "ResizeImagesSettings\ResizeImagesSettings\ResizeImagesSettings.csproj", "{74E26E30-5435-4750-BDCC-D955F1EB35D1}"
EndProject
Global
	GlobalSection(SolutionConfigurationPlatforms) = preSolution
		Debug|x86 = Debug|x86
		Release|x86 = Release|x86
	EndGlobalSection
	GlobalSection(ProjectConfigurationPlatforms) = postSolution
		{BA18A1BA-FFC4-49FC-AFE8-D21149468324}.Debug|x86.ActiveCfg = Debug|x86
		{BA18A1BA-FFC4-49FC-AFE8-D21149468324}.Debug|x86.Build.0 = Debug|x86
		{BA18A1BA-FFC4-49FC-AFE8-D21149468324}.Release|x86.ActiveCfg = Release|x86
		{BA18A1BA-FFC4-49FC-AFE8-D21149468324}.Release|x86.Build.0 = Release|x86
		{8E3081EE-72D8-4679-9366-B292E653CDCB}.Debug|x86.ActiveCfg = Debug|x86
		{8E3081EE-72D8-4679-9366-B292E653CDCB}.Debug|x86.Build.0 = Debug|x86
		{8E3081EE-72D8-4679-9366-B292E653CDCB}.Release|x86.ActiveCfg = Release|x86
		{8E3081EE-72D8-4679-9366-B292E653CDCB}.Release|x86.Build.0 = Release|x86
		{74E26E30-5435-4750-BDCC-D955F1EB35D1}.Debug|x86.ActiveCfg = Debug|x86
		{74E26E30-5435-4750-BDCC-D955F1EB35D1}.Debug|x86.Build.0 = Debug|x86
		{74E26E30-5435-4750-BDCC-D955F1EB35D1}.Release|x86.ActiveCfg = Release|x86
		{74E26E30-5435-4750-BDCC-D955F1EB35D1}.Release|x86.Build.0 = Release|x86
	EndGlobalSection
	GlobalSection(SolutionProperties) = preSolution
		HideSolutionNode = FALSE
	EndGlobalSection
EndGlobal
